
Microsoft Visual Studio Solution File, Format Version 12.00
# Visual Studio Version 16
VisualStudioVersion = 16.0.810.16
MinimumVisualStudioVersion = 10.0.40219.1
Project("{FAE04EC0-301F-11D3-BF4B-00C04F79EFBC}") = "ConsoleCasino", "ConsoleCasino\ConsoleCasino.csproj", "{AFE0E283-FF5A-4B0A-B408-0A93897990E7}"
EndProject
Global
	GlobalSection(SolutionConfigurationPlatforms) = preSolution
		Debug|Any CPU = Debug|Any CPU
		Release|Any CPU = Release|Any CPU
	EndGlobalSection
	GlobalSection(ProjectConfigurationPlatforms) = postSolution
		{AFE0E283-FF5A-4B0A-B408-0A93897990E7}.Debug|Any CPU.ActiveCfg = Debug|Any CPU
		{AFE0E283-FF5A-4B0A-B408-0A93897990E7}.Debug|Any CPU.Build.0 = Debug|Any CPU
		{AFE0E283-FF5A-4B0A-B408-0A93897990E7}.Release|Any CPU.ActiveCfg = Release|Any CPU
		{AFE0E283-FF5A-4B0A-B408-0A93897990E7}.Release|Any CPU.Build.0 = Release|Any CPU
	EndGlobalSection
	GlobalSection(SolutionProperties) = preSolution
		HideSolutionNode = FALSE
	EndGlobalSection
	GlobalSection(ExtensibilityGlobals) = postSolution
		SolutionGuid = {DC9E12F5-EE15-4243-93EF-2F60769E91BD}
	EndGlobalSection
EndGlobal
